
Microsoft Visual Studio Solution File, Format Version 12.00
# Visual Studio Version 16
VisualStudioVersion = 16.0.29728.190
MinimumVisualStudioVersion = 10.0.40219.1
Project("{9A19103F-16F7-4668-BE54-9A1E7A4F7556}") = "Wimbee_Hiring.Persistence", "Wimbee_Hiring.Persistence\Wimbee_Hiring.Persistence.csproj", "{30275EDE-8CEE-4206-BAA0-B8B35F92BDF6}"
EndProject
Project("{9A19103F-16F7-4668-BE54-9A1E7A4F7556}") = "Wimbee_Hiring.Services", "Wimbee_Hiring.Services\Wimbee_Hiring.Services.csproj", "{98DCF7A4-4B4C-4C85-B9EE-48757A85CEB5}"
EndProject
Project("{9A19103F-16F7-4668-BE54-9A1E7A4F7556}") = "Wimbee_Hiring.API", "Wimbee_Hiring.API\Wimbee_Hiring.API.csproj", "{AA3C0D32-4DB9-41D8-8C10-46B853C5D1BE}"
EndProject
Global
	GlobalSection(SolutionConfigurationPlatforms) = preSolution
		Debug|Any CPU = Debug|Any CPU
		Release|Any CPU = Release|Any CPU
	EndGlobalSection
	GlobalSection(ProjectConfigurationPlatforms) = postSolution
		{30275EDE-8CEE-4206-BAA0-B8B35F92BDF6}.Debug|Any CPU.ActiveCfg = Debug|Any CPU
		{30275EDE-8CEE-4206-BAA0-B8B35F92BDF6}.Debug|Any CPU.Build.0 = Debug|Any CPU
		{30275EDE-8CEE-4206-BAA0-B8B35F92BDF6}.Release|Any CPU.ActiveCfg = Release|Any CPU
		{30275EDE-8CEE-4206-BAA0-B8B35F92BDF6}.Release|Any CPU.Build.0 = Release|Any CPU
		{98DCF7A4-4B4C-4C85-B9EE-48757A85CEB5}.Debug|Any CPU.ActiveCfg = Debug|Any CPU
		{98DCF7A4-4B4C-4C85-B9EE-48757A85CEB5}.Debug|Any CPU.Build.0 = Debug|Any CPU
		{98DCF7A4-4B4C-4C85-B9EE-48757A85CEB5}.Release|Any CPU.ActiveCfg = Release|Any CPU
		{98DCF7A4-4B4C-4C85-B9EE-48757A85CEB5}.Release|Any CPU.Build.0 = Release|Any CPU
		{AA3C0D32-4DB9-41D8-8C10-46B853C5D1BE}.Debug|Any CPU.ActiveCfg = Debug|Any CPU
		{AA3C0D32-4DB9-41D8-8C10-46B853C5D1BE}.Debug|Any CPU.Build.0 = Debug|Any CPU
		{AA3C0D32-4DB9-41D8-8C10-46B853C5D1BE}.Release|Any CPU.ActiveCfg = Release|Any CPU
		{AA3C0D32-4DB9-41D8-8C10-46B853C5D1BE}.Release|Any CPU.Build.0 = Release|Any CPU
	EndGlobalSection
	GlobalSection(SolutionProperties) = preSolution
		HideSolutionNode = FALSE
	EndGlobalSection
	GlobalSection(ExtensibilityGlobals) = postSolution
		SolutionGuid = {C7267EE5-ECCF-4BF9-9009-3BE2BBAEE13B}
	EndGlobalSection
EndGlobal
